
Microsoft Visual Studio Solution File, Format Version 12.00
# Visual Studio 15
VisualStudioVersion = 15.0.28307.1082
MinimumVisualStudioVersion = 10.0.40219.1
Project("{FAE04EC0-301F-11D3-BF4B-00C04F79EFBC}") = "PharDataAPI", "PharDataAPI\PharDataAPI.csproj", "{CF27639D-5689-4E19-965A-C2F9D2F5241E}"
EndProject
Project("{FAE04EC0-301F-11D3-BF4B-00C04F79EFBC}") = "EMRDataAccess", "EMRDataAccess\EMRDataAccess.csproj", "{311C854C-BD8E-45DB-A1E8-407919D51062}"
EndProject
Global
	GlobalSection(SolutionConfigurationPlatforms) = preSolution
		Debug|Any CPU = Debug|Any CPU
		Release|Any CPU = Release|Any CPU
	EndGlobalSection
	GlobalSection(ProjectConfigurationPlatforms) = postSolution
		{CF27639D-5689-4E19-965A-C2F9D2F5241E}.Debug|Any CPU.ActiveCfg = Debug|Any CPU
		{CF27639D-5689-4E19-965A-C2F9D2F5241E}.Debug|Any CPU.Build.0 = Debug|Any CPU
		{CF27639D-5689-4E19-965A-C2F9D2F5241E}.Release|Any CPU.ActiveCfg = Release|Any CPU
		{CF27639D-5689-4E19-965A-C2F9D2F5241E}.Release|Any CPU.Build.0 = Release|Any CPU
		{311C854C-BD8E-45DB-A1E8-407919D51062}.Debug|Any CPU.ActiveCfg = Debug|Any CPU
		{311C854C-BD8E-45DB-A1E8-407919D51062}.Debug|Any CPU.Build.0 = Debug|Any CPU
		{311C854C-BD8E-45DB-A1E8-407919D51062}.Release|Any CPU.ActiveCfg = Release|Any CPU
		{311C854C-BD8E-45DB-A1E8-407919D51062}.Release|Any CPU.Build.0 = Release|Any CPU
	EndGlobalSection
	GlobalSection(SolutionProperties) = preSolution
		HideSolutionNode = FALSE
	EndGlobalSection
	GlobalSection(ExtensibilityGlobals) = postSolution
		SolutionGuid = {B1557C2B-E7FC-48DA-9764-31EB4C467DCB}
	EndGlobalSection
EndGlobal
